
Microsoft Visual Studio Solution File, Format Version 12.00
# Visual Studio Version 16
VisualStudioVersion = 16.0.34301.259
MinimumVisualStudioVersion = 10.0.40219.1
Project("{8BC9CEB8-8B4A-11D0-8D11-00A0C91BC942}") = "QLCV", "QLCV\QLCV.vcxproj", "{12BB7C56-40C7-4C63-88CB-A45EC1E38BEE}"
EndProject
Global
	GlobalSection(SolutionConfigurationPlatforms) = preSolution
		Debug|x64 = Debug|x64
		Debug|x86 = Debug|x86
		Release|x64 = Release|x64
		Release|x86 = Release|x86
	EndGlobalSection
	GlobalSection(ProjectConfigurationPlatforms) = postSolution
		{12BB7C56-40C7-4C63-88CB-A45EC1E38BEE}.Debug|x64.ActiveCfg = Debug|x64
		{12BB7C56-40C7-4C63-88CB-A45EC1E38BEE}.Debug|x64.Build.0 = Debug|x64
		{12BB7C56-40C7-4C63-88CB-A45EC1E38BEE}.Debug|x86.ActiveCfg = Debug|Win32
		{12BB7C56-40C7-4C63-88CB-A45EC1E38BEE}.Debug|x86.Build.0 = Debug|Win32
		{12BB7C56-40C7-4C63-88CB-A45EC1E38BEE}.Release|x64.ActiveCfg = Release|x64
		{12BB7C56-40C7-4C63-88CB-A45EC1E38BEE}.Release|x64.Build.0 = Release|x64
		{12BB7C56-40C7-4C63-88CB-A45EC1E38BEE}.Release|x86.ActiveCfg = Release|Win32
		{12BB7C56-40C7-4C63-88CB-A45EC1E38BEE}.Release|x86.Build.0 = Release|Win32
	EndGlobalSection
	GlobalSection(SolutionProperties) = preSolution
		HideSolutionNode = FALSE
	EndGlobalSection
	GlobalSection(ExtensibilityGlobals) = postSolution
		SolutionGuid = {86DCDB62-D37D-40A6-AA1E-B104CAA4C6F7}
	EndGlobalSection
EndGlobal
